
Microsoft Visual Studio Solution File, Format Version 12.00
# Visual Studio Version 17
VisualStudioVersion = 17.0.31903.59
MinimumVisualStudioVersion = 10.0.40219.1
Project("{2150E333-8FDC-42A3-9474-1A3956D46DE8}") = "src", "src", "{827E0CD3-B72D-47B6-A68D-7590B98EB39B}"
EndProject
Project("{9A19103F-16F7-4668-BE54-9A1E7A4F7556}") = "HolidayPlanner.Domain", "src\HolidayPlanner.Domain\HolidayPlanner.Domain.csproj", "{50559931-93B6-424E-976D-6F9BB6B3E100}"
EndProject
Project("{9A19103F-16F7-4668-BE54-9A1E7A4F7556}") = "HolidayPlanner.Application", "src\HolidayPlanner.Application\HolidayPlanner.Application.csproj", "{1CBE17BE-7DE3-44DB-B1C9-9E1F8564B086}"
EndProject
Project("{9A19103F-16F7-4668-BE54-9A1E7A4F7556}") = "HolidayPlanner.Infrastructure", "src\HolidayPlanner.Infrastructure\HolidayPlanner.Infrastructure.csproj", "{BCF84BA3-F36A-4E5E-8C28-0EBC8531DCCE}"
EndProject
Project("{9A19103F-16F7-4668-BE54-9A1E7A4F7556}") = "HolidayPlanner.Api", "src\HolidayPlanner.Api\HolidayPlanner.Api.csproj", "{F8344B09-FDF1-4E70-8872-CF90B93ACCC0}"
EndProject
Project("{2150E333-8FDC-42A3-9474-1A3956D46DE8}") = "tests", "tests", "{0AB3BF05-4346-4AA6-1389-037BE0695223}"
EndProject
Project("{2150E333-8FDC-42A3-9474-1A3956D46DE8}") = "client", "client", "{3B2B98AE-C48D-4DCB-8A81-3604885C5594}"
EndProject
Project("{54A90642-561A-4BB1-A94E-469ADEE60080}") = "client", "client\client.esproj", "{38721158-0207-489A-A65B-44E6CEE8B2AC}"
EndProject
Project("{9A19103F-16F7-4668-BE54-9A1E7A4F7556}") = "HolidayPlanner.Tests", "tests\HolidayPlanner.Tests\HolidayPlanner.Tests.csproj", "{6938ED27-924B-41DB-8F93-6AD529A4BCC7}"
EndProject
Project("{9A19103F-16F7-4668-BE54-9A1E7A4F7556}") = "HolidayPlanner.IntegrationTests", "tests\HolidayPlanner.IntegrationTests\HolidayPlanner.IntegrationTests.csproj", "{D86BC68C-54D0-4528-A256-D5BC9E5FBFFE}"
EndProject
Global
	GlobalSection(SolutionConfigurationPlatforms) = preSolution
		Debug|Any CPU = Debug|Any CPU
		Debug|x64 = Debug|x64
		Debug|x86 = Debug|x86
		Release|Any CPU = Release|Any CPU
		Release|x64 = Release|x64
		Release|x86 = Release|x86
	EndGlobalSection
	GlobalSection(ProjectConfigurationPlatforms) = postSolution
		{50559931-93B6-424E-976D-6F9BB6B3E100}.Debug|Any CPU.ActiveCfg = Debug|Any CPU
		{50559931-93B6-424E-976D-6F9BB6B3E100}.Debug|Any CPU.Build.0 = Debug|Any CPU
		{50559931-93B6-424E-976D-6F9BB6B3E100}.Debug|x64.ActiveCfg = Debug|Any CPU
		{50559931-93B6-424E-976D-6F9BB6B3E100}.Debug|x64.Build.0 = Debug|Any CPU
		{50559931-93B6-424E-976D-6F9BB6B3E100}.Debug|x86.ActiveCfg = Debug|Any CPU
		{50559931-93B6-424E-976D-6F9BB6B3E100}.Debug|x86.Build.0 = Debug|Any CPU
		{50559931-93B6-424E-976D-6F9BB6B3E100}.Release|Any CPU.ActiveCfg = Release|Any CPU
		{50559931-93B6-424E-976D-6F9BB6B3E100}.Release|Any CPU.Build.0 = Release|Any CPU
		{50559931-93B6-424E-976D-6F9BB6B3E100}.Release|x64.ActiveCfg = Release|Any CPU
		{50559931-93B6-424E-976D-6F9BB6B3E100}.Release|x64.Build.0 = Release|Any CPU
		{50559931-93B6-424E-976D-6F9BB6B3E100}.Release|x86.ActiveCfg = Release|Any CPU
		{50559931-93B6-424E-976D-6F9BB6B3E100}.Release|x86.Build.0 = Release|Any CPU
		{1CBE17BE-7DE3-44DB-B1C9-9E1F8564B086}.Debug|Any CPU.ActiveCfg = Debug|Any CPU
		{1CBE17BE-7DE3-44DB-B1C9-9E1F8564B086}.Debug|Any CPU.Build.0 = Debug|Any CPU
		{1CBE17BE-7DE3-44DB-B1C9-9E1F8564B086}.Debug|x64.ActiveCfg = Debug|Any CPU
		{1CBE17BE-7DE3-44DB-B1C9-9E1F8564B086}.Debug|x64.Build.0 = Debug|Any CPU
		{1CBE17BE-7DE3-44DB-B1C9-9E1F8564B086}.Debug|x86.ActiveCfg = Debug|Any CPU
		{1CBE17BE-7DE3-44DB-B1C9-9E1F8564B086}.Debug|x86.Build.0 = Debug|Any CPU
		{1CBE17BE-7DE3-44DB-B1C9-9E1F8564B086}.Release|Any CPU.ActiveCfg = Release|Any CPU
		{1CBE17BE-7DE3-44DB-B1C9-9E1F8564B086}.Release|Any CPU.Build.0 = Release|Any CPU
		{1CBE17BE-7DE3-44DB-B1C9-9E1F8564B086}.Release|x64.ActiveCfg = Release|Any CPU
		{1CBE17BE-7DE3-44DB-B1C9-9E1F8564B086}.Release|x64.Build.0 = Release|Any CPU
		{1CBE17BE-7DE3-44DB-B1C9-9E1F8564B086}.Release|x86.ActiveCfg = Release|Any CPU
		{1CBE17BE-7DE3-44DB-B1C9-9E1F8564B086}.Release|x86.Build.0 = Release|Any CPU
		{BCF84BA3-F36A-4E5E-8C28-0EBC8531DCCE}.Debug|Any CPU.ActiveCfg = Debug|Any CPU
		{BCF84BA3-F36A-4E5E-8C28-0EBC8531DCCE}.Debug|Any CPU.Build.0 = Debug|Any CPU
		{BCF84BA3-F36A-4E5E-8C28-0EBC8531DCCE}.Debug|x64.ActiveCfg = Debug|Any CPU
		{BCF84BA3-F36A-4E5E-8C28-0EBC8531DCCE}.Debug|x64.Build.0 = Debug|Any CPU
		{BCF84BA3-F36A-4E5E-8C28-0EBC8531DCCE}.Debug|x86.ActiveCfg = Debug|Any CPU
		{BCF84BA3-F36A-4E5E-8C28-0EBC8531DCCE}.Debug|x86.Build.0 = Debug|Any CPU
		{BCF84BA3-F36A-4E5E-8C28-0EBC8531DCCE}.Release|Any CPU.ActiveCfg = Release|Any CPU
		{BCF84BA3-F36A-4E5E-8C28-0EBC8531DCCE}.Release|Any CPU.Build.0 = Release|Any CPU
		{BCF84BA3-F36A-4E5E-8C28-0EBC8531DCCE}.Release|x64.ActiveCfg = Release|Any CPU
		{BCF84BA3-F36A-4E5E-8C28-0EBC8531DCCE}.Release|x64.Build.0 = Release|Any CPU
		{BCF84BA3-F36A-4E5E-8C28-0EBC8531DCCE}.Release|x86.ActiveCfg = Release|Any CPU
		{BCF84BA3-F36A-4E5E-8C28-0EBC8531DCCE}.Release|x86.Build.0 = Release|Any CPU
		{F8344B09-FDF1-4E70-8872-CF90B93ACCC0}.Debug|Any CPU.ActiveCfg = Debug|Any CPU
		{F8344B09-FDF1-4E70-8872-CF90B93ACCC0}.Debug|Any CPU.Build.0 = Debug|Any CPU
		{F8344B09-FDF1-4E70-8872-CF90B93ACCC0}.Debug|x64.ActiveCfg = Debug|Any CPU
		{F8344B09-FDF1-4E70-8872-CF90B93ACCC0}.Debug|x64.Build.0 = Debug|Any CPU
		{F8344B09-FDF1-4E70-8872-CF90B93ACCC0}.Debug|x86.ActiveCfg = Debug|Any CPU
		{F8344B09-FDF1-4E70-8872-CF90B93ACCC0}.Debug|x86.Build.0 = Debug|Any CPU
		{F8344B09-FDF1-4E70-8872-CF90B93ACCC0}.Release|Any CPU.ActiveCfg = Release|Any CPU
		{F8344B09-FDF1-4E70-8872-CF90B93ACCC0}.Release|Any CPU.Build.0 = Release|Any CPU
		{F8344B09-FDF1-4E70-8872-CF90B93ACCC0}.Release|x64.ActiveCfg = Release|Any CPU
		{F8344B09-FDF1-4E70-8872-CF90B93ACCC0}.Release|x64.Build.0 = Release|Any CPU
		{F8344B09-FDF1-4E70-8872-CF90B93ACCC0}.Release|x86.ActiveCfg = Release|Any CPU
		{F8344B09-FDF1-4E70-8872-CF90B93ACCC0}.Release|x86.Build.0 = Release|Any CPU
		{6938ED27-924B-41DB-8F93-6AD529A4BCC7}.Debug|Any CPU.ActiveCfg = Debug|Any CPU
		{6938ED27-924B-41DB-8F93-6AD529A4BCC7}.Debug|Any CPU.Build.0 = Debug|Any CPU
		{6938ED27-924B-41DB-8F93-6AD529A4BCC7}.Debug|x64.ActiveCfg = Debug|Any CPU
		{6938ED27-924B-41DB-8F93-6AD529A4BCC7}.Debug|x64.Build.0 = Debug|Any CPU
		{6938ED27-924B-41DB-8F93-6AD529A4BCC7}.Debug|x86.ActiveCfg = Debug|Any CPU
		{6938ED27-924B-41DB-8F93-6AD529A4BCC7}.Debug|x86.Build.0 = Debug|Any CPU
		{6938ED27-924B-41DB-8F93-6AD529A4BCC7}.Release|Any CPU.ActiveCfg = Release|Any CPU
		{6938ED27-924B-41DB-8F93-6AD529A4BCC7}.Release|Any CPU.Build.0 = Release|Any CPU
		{6938ED27-924B-41DB-8F93-6AD529A4BCC7}.Release|x64.ActiveCfg = Release|Any CPU
		{6938ED27-924B-41DB-8F93-6AD529A4BCC7}.Release|x64.Build.0 = Release|Any CPU
		{6938ED27-924B-41DB-8F93-6AD529A4BCC7}.Release|x86.ActiveCfg = Release|Any CPU
		{6938ED27-924B-41DB-8F93-6AD529A4BCC7}.Release|x86.Build.0 = Release|Any CPU
		{D86BC68C-54D0-4528-A256-D5BC9E5FBFFE}.Debug|Any CPU.ActiveCfg = Debug|Any CPU
		{D86BC68C-54D0-4528-A256-D5BC9E5FBFFE}.Debug|Any CPU.Build.0 = Debug|Any CPU
		{D86BC68C-54D0-4528-A256-D5BC9E5FBFFE}.Debug|x64.ActiveCfg = Debug|Any CPU
		{D86BC68C-54D0-4528-A256-D5BC9E5FBFFE}.Debug|x64.Build.0 = Debug|Any CPU
		{D86BC68C-54D0-4528-A256-D5BC9E5FBFFE}.Debug|x86.ActiveCfg = Debug|Any CPU
		{D86BC68C-54D0-4528-A256-D5BC9E5FBFFE}.Debug|x86.Build.0 = Debug|Any CPU
		{D86BC68C-54D0-4528-A256-D5BC9E5FBFFE}.Release|Any CPU.ActiveCfg = Release|Any CPU
		{D86BC68C-54D0-4528-A256-D5BC9E5FBFFE}.Release|Any CPU.Build.0 = Release|Any CPU
		{D86BC68C-54D0-4528-A256-D5BC9E5FBFFE}.Release|x64.ActiveCfg = Release|Any CPU
		{D86BC68C-54D0-4528-A256-D5BC9E5FBFFE}.Release|x64.Build.0 = Release|Any CPU
		{D86BC68C-54D0-4528-A256-D5BC9E5FBFFE}.Release|x86.ActiveCfg = Release|Any CPU
		{D86BC68C-54D0-4528-A256-D5BC9E5FBFFE}.Release|x86.Build.0 = Release|Any CPU
		{38721158-0207-489A-A65B-44E6CEE8B2AC}.Debug|Any CPU.ActiveCfg = Debug|Any CPU
		{38721158-0207-489A-A65B-44E6CEE8B2AC}.Debug|x64.ActiveCfg = Debug|Any CPU
		{38721158-0207-489A-A65B-44E6CEE8B2AC}.Debug|x86.ActiveCfg = Debug|Any CPU
		{38721158-0207-489A-A65B-44E6CEE8B2AC}.Release|Any CPU.ActiveCfg = Release|Any CPU
		{38721158-0207-489A-A65B-44E6CEE8B2AC}.Release|x64.ActiveCfg = Release|Any CPU
		{38721158-0207-489A-A65B-44E6CEE8B2AC}.Release|x86.ActiveCfg = Release|Any CPU
	EndGlobalSection
	GlobalSection(SolutionProperties) = preSolution
		HideSolutionNode = FALSE
	EndGlobalSection
	GlobalSection(NestedProjects) = preSolution
		{50559931-93B6-424E-976D-6F9BB6B3E100} = {827E0CD3-B72D-47B6-A68D-7590B98EB39B}
		{1CBE17BE-7DE3-44DB-B1C9-9E1F8564B086} = {827E0CD3-B72D-47B6-A68D-7590B98EB39B}
		{BCF84BA3-F36A-4E5E-8C28-0EBC8531DCCE} = {827E0CD3-B72D-47B6-A68D-7590B98EB39B}
		{F8344B09-FDF1-4E70-8872-CF90B93ACCC0} = {827E0CD3-B72D-47B6-A68D-7590B98EB39B}
		{6938ED27-924B-41DB-8F93-6AD529A4BCC7} = {0AB3BF05-4346-4AA6-1389-037BE0695223}
		{D86BC68C-54D0-4528-A256-D5BC9E5FBFFE} = {0AB3BF05-4346-4AA6-1389-037BE0695223}
		{38721158-0207-489A-A65B-44E6CEE8B2AC} = {3B2B98AE-C48D-4DCB-8A81-3604885C5594}
	EndGlobalSection
EndGlobal
